
Microsoft Visual Studio Solution File, Format Version 12.00
# Visual Studio 15
VisualStudioVersion = 15.0.27703.2047
MinimumVisualStudioVersion = 10.0.40219.1
Project("{FAE04EC0-301F-11D3-BF4B-00C04F79EFBC}") = "Pokemon", "Pokemon\Pokemon.csproj", "{B595F25E-6164-4069-9453-E95C649EB004}"
EndProject
Project("{9A19103F-16F7-4668-BE54-9A1E7A4F7556}") = "ClassLibrary", "ClassLibrary\ClassLibrary.csproj", "{558463C7-EBB1-41C5-A9BC-FD7E50EE6759}"
EndProject
Project("{00D1A9C2-B5F0-4AF3-8072-F6C62B433612}") = "PokeData", "PokeData\PokeData.sqlproj", "{4F678304-01FD-4ACD-8CB6-50614F058626}"
EndProject
Global
	GlobalSection(SolutionConfigurationPlatforms) = preSolution
		Debug|Any CPU = Debug|Any CPU
		Release|Any CPU = Release|Any CPU
	EndGlobalSection
	GlobalSection(ProjectConfigurationPlatforms) = postSolution
		{B595F25E-6164-4069-9453-E95C649EB004}.Debug|Any CPU.ActiveCfg = Debug|Any CPU
		{B595F25E-6164-4069-9453-E95C649EB004}.Debug|Any CPU.Build.0 = Debug|Any CPU
		{B595F25E-6164-4069-9453-E95C649EB004}.Release|Any CPU.ActiveCfg = Release|Any CPU
		{B595F25E-6164-4069-9453-E95C649EB004}.Release|Any CPU.Build.0 = Release|Any CPU
		{558463C7-EBB1-41C5-A9BC-FD7E50EE6759}.Debug|Any CPU.ActiveCfg = Debug|Any CPU
		{558463C7-EBB1-41C5-A9BC-FD7E50EE6759}.Debug|Any CPU.Build.0 = Debug|Any CPU
		{558463C7-EBB1-41C5-A9BC-FD7E50EE6759}.Release|Any CPU.ActiveCfg = Release|Any CPU
		{558463C7-EBB1-41C5-A9BC-FD7E50EE6759}.Release|Any CPU.Build.0 = Release|Any CPU
		{4F678304-01FD-4ACD-8CB6-50614F058626}.Debug|Any CPU.ActiveCfg = Debug|Any CPU
		{4F678304-01FD-4ACD-8CB6-50614F058626}.Debug|Any CPU.Build.0 = Debug|Any CPU
		{4F678304-01FD-4ACD-8CB6-50614F058626}.Debug|Any CPU.Deploy.0 = Debug|Any CPU
		{4F678304-01FD-4ACD-8CB6-50614F058626}.Release|Any CPU.ActiveCfg = Release|Any CPU
		{4F678304-01FD-4ACD-8CB6-50614F058626}.Release|Any CPU.Build.0 = Release|Any CPU
		{4F678304-01FD-4ACD-8CB6-50614F058626}.Release|Any CPU.Deploy.0 = Release|Any CPU
	EndGlobalSection
	GlobalSection(SolutionProperties) = preSolution
		HideSolutionNode = FALSE
	EndGlobalSection
	GlobalSection(ExtensibilityGlobals) = postSolution
		SolutionGuid = {1AC336FD-A68B-4ABF-B73C-E9EC56B5D5F8}
	EndGlobalSection
EndGlobal
